
Microsoft Visual Studio Solution File, Format Version 12.00
# Visual Studio 16
Project("{FAE04EC0-301F-11D3-BF4B-00C04F79EFBC}") = "Assembly-CSharp", "Assembly-CSharp.csproj", "{DB46B397-595D-501F-40A4-14DD72836EBE}"
EndProject
Project("{FAE04EC0-301F-11D3-BF4B-00C04F79EFBC}") = "Assembly-CSharp-firstpass", "Assembly-CSharp-firstpass.csproj", "{4270A4C6-BD4B-9D6C-5F35-9B41FE626040}"
EndProject
Project("{FAE04EC0-301F-11D3-BF4B-00C04F79EFBC}") = "Assembly-CSharp-Editor-firstpass", "Assembly-CSharp-Editor-firstpass.csproj", "{545145E6-FD5F-ABC0-6053-0B0A3AE74B31}"
EndProject
Project("{FAE04EC0-301F-11D3-BF4B-00C04F79EFBC}") = "Assembly-CSharp-Editor", "Assembly-CSharp-Editor.csproj", "{D363A086-4314-DBE3-47C3-BF32BFB530F0}"
EndProject
Global
	GlobalSection(SolutionConfigurationPlatforms) = preSolution
		Debug|Any CPU = Debug|Any CPU
		Release|Any CPU = Release|Any CPU
	EndGlobalSection
	GlobalSection(ProjectConfigurationPlatforms) = postSolution
		{DB46B397-595D-501F-40A4-14DD72836EBE}.Debug|Any CPU.ActiveCfg = Debug|Any CPU
		{DB46B397-595D-501F-40A4-14DD72836EBE}.Debug|Any CPU.Build.0 = Debug|Any CPU
		{DB46B397-595D-501F-40A4-14DD72836EBE}.Release|Any CPU.ActiveCfg = Release|Any CPU
		{DB46B397-595D-501F-40A4-14DD72836EBE}.Release|Any CPU.Build.0 = Release|Any CPU
		{4270A4C6-BD4B-9D6C-5F35-9B41FE626040}.Debug|Any CPU.ActiveCfg = Debug|Any CPU
		{4270A4C6-BD4B-9D6C-5F35-9B41FE626040}.Debug|Any CPU.Build.0 = Debug|Any CPU
		{4270A4C6-BD4B-9D6C-5F35-9B41FE626040}.Release|Any CPU.ActiveCfg = Release|Any CPU
		{4270A4C6-BD4B-9D6C-5F35-9B41FE626040}.Release|Any CPU.Build.0 = Release|Any CPU
		{545145E6-FD5F-ABC0-6053-0B0A3AE74B31}.Debug|Any CPU.ActiveCfg = Debug|Any CPU
		{545145E6-FD5F-ABC0-6053-0B0A3AE74B31}.Debug|Any CPU.Build.0 = Debug|Any CPU
		{545145E6-FD5F-ABC0-6053-0B0A3AE74B31}.Release|Any CPU.ActiveCfg = Release|Any CPU
		{545145E6-FD5F-ABC0-6053-0B0A3AE74B31}.Release|Any CPU.Build.0 = Release|Any CPU
		{D363A086-4314-DBE3-47C3-BF32BFB530F0}.Debug|Any CPU.ActiveCfg = Debug|Any CPU
		{D363A086-4314-DBE3-47C3-BF32BFB530F0}.Debug|Any CPU.Build.0 = Debug|Any CPU
		{D363A086-4314-DBE3-47C3-BF32BFB530F0}.Release|Any CPU.ActiveCfg = Release|Any CPU
		{D363A086-4314-DBE3-47C3-BF32BFB530F0}.Release|Any CPU.Build.0 = Release|Any CPU
	EndGlobalSection
	GlobalSection(SolutionProperties) = preSolution
		HideSolutionNode = FALSE
	EndGlobalSection
EndGlobal
